
Microsoft Visual Studio Solution File, Format Version 12.00
# Visual Studio 15
VisualStudioVersion = 15.0.27703.2047
MinimumVisualStudioVersion = 10.0.40219.1
Project("{FAE04EC0-301F-11D3-BF4B-00C04F79EFBC}") = "Jsonintegrity", "Jsonintegrity\Jsonintegrity.csproj", "{A48D82D2-D350-4F10-88A4-E56DA288F7D2}"
EndProject
Global
	GlobalSection(SolutionConfigurationPlatforms) = preSolution
		Debug|Any CPU = Debug|Any CPU
		Release|Any CPU = Release|Any CPU
	EndGlobalSection
	GlobalSection(ProjectConfigurationPlatforms) = postSolution
		{A48D82D2-D350-4F10-88A4-E56DA288F7D2}.Debug|Any CPU.ActiveCfg = Debug|Any CPU
		{A48D82D2-D350-4F10-88A4-E56DA288F7D2}.Debug|Any CPU.Build.0 = Debug|Any CPU
		{A48D82D2-D350-4F10-88A4-E56DA288F7D2}.Release|Any CPU.ActiveCfg = Release|Any CPU
		{A48D82D2-D350-4F10-88A4-E56DA288F7D2}.Release|Any CPU.Build.0 = Release|Any CPU
	EndGlobalSection
	GlobalSection(SolutionProperties) = preSolution
		HideSolutionNode = FALSE
	EndGlobalSection
	GlobalSection(ExtensibilityGlobals) = postSolution
		SolutionGuid = {FD03B92F-BAE2-426B-BD83-836F5B2E3C88}
	EndGlobalSection
EndGlobal
